github.com/janraasch/hugo-bearblog v0.0.0-20260512221936-d3281b1d30b5 h1:Zy4DOkNbQZuSFG16R4Og2XuwXN2GDx207JSE9apmduI=
github.com/janraasch/hugo-bearblog v0.0.0-20260512221936-d3281b1d30b5/go.mod h1:qVJ3S3qhkRf6smf5f8vveeV/QX3ui8poHckF6Ykt9AU=
github.com/privatemaker/headless-cms v0.1.2 h1:uLCiN3k3Tr48WzOeWsIJ8S7TXOoMoOrz4KT2V7hisso=
github.com/privatemaker/headless-cms v0.1.2/go.mod h1:ZcHkPZzL9yCsBdmn9FpoIW35snTyj1bDOfqT0ZFJoZE=
